
EXTERNAL SOURCES: 
  SpatialDBKit: 
    :local: ./

PODS: 
- FMDB (2.0)
- ShapeKit (0.9.0): 
  - geos
  - proj4
- SpatialDBKit (0.0.1): 
  - FMDB
  - ShapeKit
  - spatialite
- freexl (1.0.0d)
- geos (3.3.7)
- proj4 (4.8.0)
- spatialite (3.0.1): 
  - freexl
  - geos
  - proj4

DEPENDENCIES: 
- SpatialDBKit (from `./')
- spatialite

SPEC CHECKSUMS: 
  freexl: f01f7438fe767d2ddec5d0b5e30d25a557363560
  ShapeKit: aa97113799e5e9490a77a0d640253bcfe4472454
  spatialite: 57e3eae3ab8a7c5b051e93c4c57283c81827bf55
  geos: 125d067ec42380b93e95480d62abd0929302b596
  FMDB: 77fb1c93b51bbf14d84d49d5374344b7f68c54f1
  proj4: 31e895761075ff97252528a8ae2d531763ea3e57
  SpatialDBKit: 27deb2440a3d2e241bfc6a87e3c59ca921e02c36

COCOAPODS: 0.16.4
